
Microsoft Visual Studio Solution File, Format Version 12.00
# Visual Studio Version 16
VisualStudioVersion = 16.0.29102.190
MinimumVisualStudioVersion = 10.0.40219.1
Project("{FAE04EC0-301F-11D3-BF4B-00C04F79EFBC}") = "ElderbugGod", "ElderbugGod.csproj", "{CFB1D6BF-7B07-4BB9-8D54-8D886CFA6EC4}"
EndProject
Global
	GlobalSection(SolutionConfigurationPlatforms) = preSolution
		Debug|Any CPU = Debug|Any CPU
		Release|Any CPU = Release|Any CPU
	EndGlobalSection
	GlobalSection(ProjectConfigurationPlatforms) = postSolution
		{CFB1D6BF-7B07-4BB9-8D54-8D886CFA6EC4}.Debug|Any CPU.ActiveCfg = Debug|Any CPU
		{CFB1D6BF-7B07-4BB9-8D54-8D886CFA6EC4}.Debug|Any CPU.Build.0 = Debug|Any CPU
		{CFB1D6BF-7B07-4BB9-8D54-8D886CFA6EC4}.Release|Any CPU.ActiveCfg = Release|Any CPU
		{CFB1D6BF-7B07-4BB9-8D54-8D886CFA6EC4}.Release|Any CPU.Build.0 = Release|Any CPU
	EndGlobalSection
	GlobalSection(SolutionProperties) = preSolution
		HideSolutionNode = FALSE
	EndGlobalSection
	GlobalSection(ExtensibilityGlobals) = postSolution
		SolutionGuid = {072DF13A-AF23-468B-8875-68BE05F85301}
	EndGlobalSection
EndGlobal
